{
  "name": "2waysellingllc_website",
  "lockfileVersion": 3,
  "requires": true,
  "packages": {
    "": {
      "dependencies": {
        "stripe": "^22.3.1"
      }
    },
    "node_modules/stripe": {
      "version": "22.3.1",
      "resolved": "https://registry.npmjs.org/stripe/-/stripe-22.3.1.tgz",
      "integrity": "sha512-6XSLN0KK0IdfXqDHqMg6CDoO3eO62ye9dhzw0fZp55AUOzHR1YRJOqYHTsuCi4QJ4Ni/usEmXtq69c9ghKDmYw==",
      "license": "MIT",
      "engines": {
        "node": ">=18"
      },
      "peerDependencies": {
        "@types/node": ">=18"
      },
      "peerDependenciesMeta": {
        "@types/node": {
          "optional": true
        }
      }
    }
  }
}
